
Microsoft Visual Studio Solution File, Format Version 12.00
# Visual Studio Version 16
VisualStudioVersion = 16.0.31005.135
MinimumVisualStudioVersion = 15.0.26124.0
Project("{FAE04EC0-301F-11D3-BF4B-00C04F79EFBC}") = "CaseJBF_NET4_8", "CaseJBF_NET4_8\CaseJBF_NET4_8.csproj", "{C5505382-F6D7-4A3F-9ABA-6CB8C6C22BC5}"
EndProject
Project("{FAE04EC0-301F-11D3-BF4B-00C04F79EFBC}") = "CaseJBF_NET4_8.Tests", "CaseJBF_NET4_8.Tests\CaseJBF_NET4_8.Tests.csproj", "{BF204166-29F6-41BC-AB9B-33D131B5CD6B}"
EndProject
Project("{FAE04EC0-301F-11D3-BF4B-00C04F79EFBC}") = "CaseJBF_NET5", "CaseJBF_NET5\CaseJBF_NET5.csproj", "{DAC8151D-3BAC-4385-9CCA-E1FD4F7899B3}"
EndProject
Project("{FAE04EC0-301F-11D3-BF4B-00C04F79EFBC}") = "CaseJBF_NET5.Tests", "CaseJBF_NET5.Tests\CaseJBF_NET5.Tests.csproj", "{C2E912FE-88F9-45E7-9DE3-516E060A8239}"
EndProject
Global
	GlobalSection(SolutionConfigurationPlatforms) = preSolution
		Debug|Any CPU = Debug|Any CPU
		Debug|x64 = Debug|x64
		Debug|x86 = Debug|x86
		Release|Any CPU = Release|Any CPU
		Release|x64 = Release|x64
		Release|x86 = Release|x86
	EndGlobalSection
	GlobalSection(ProjectConfigurationPlatforms) = postSolution
		{C5505382-F6D7-4A3F-9ABA-6CB8C6C22BC5}.Debug|Any CPU.ActiveCfg = Debug|Any CPU
		{C5505382-F6D7-4A3F-9ABA-6CB8C6C22BC5}.Debug|Any CPU.Build.0 = Debug|Any CPU
		{C5505382-F6D7-4A3F-9ABA-6CB8C6C22BC5}.Debug|x64.ActiveCfg = Debug|Any CPU
		{C5505382-F6D7-4A3F-9ABA-6CB8C6C22BC5}.Debug|x64.Build.0 = Debug|Any CPU
		{C5505382-F6D7-4A3F-9ABA-6CB8C6C22BC5}.Debug|x86.ActiveCfg = Debug|Any CPU
		{C5505382-F6D7-4A3F-9ABA-6CB8C6C22BC5}.Debug|x86.Build.0 = Debug|Any CPU
		{C5505382-F6D7-4A3F-9ABA-6CB8C6C22BC5}.Release|Any CPU.ActiveCfg = Release|Any CPU
		{C5505382-F6D7-4A3F-9ABA-6CB8C6C22BC5}.Release|Any CPU.Build.0 = Release|Any CPU
		{C5505382-F6D7-4A3F-9ABA-6CB8C6C22BC5}.Release|x64.ActiveCfg = Release|Any CPU
		{C5505382-F6D7-4A3F-9ABA-6CB8C6C22BC5}.Release|x64.Build.0 = Release|Any CPU
		{C5505382-F6D7-4A3F-9ABA-6CB8C6C22BC5}.Release|x86.ActiveCfg = Release|Any CPU
		{C5505382-F6D7-4A3F-9ABA-6CB8C6C22BC5}.Release|x86.Build.0 = Release|Any CPU
		{BF204166-29F6-41BC-AB9B-33D131B5CD6B}.Debug|Any CPU.ActiveCfg = Debug|Any CPU
		{BF204166-29F6-41BC-AB9B-33D131B5CD6B}.Debug|Any CPU.Build.0 = Debug|Any CPU
		{BF204166-29F6-41BC-AB9B-33D131B5CD6B}.Debug|x64.ActiveCfg = Debug|Any CPU
		{BF204166-29F6-41BC-AB9B-33D131B5CD6B}.Debug|x64.Build.0 = Debug|Any CPU
		{BF204166-29F6-41BC-AB9B-33D131B5CD6B}.Debug|x86.ActiveCfg = Debug|Any CPU
		{BF204166-29F6-41BC-AB9B-33D131B5CD6B}.Debug|x86.Build.0 = Debug|Any CPU
		{BF204166-29F6-41BC-AB9B-33D131B5CD6B}.Release|Any CPU.ActiveCfg = Release|Any CPU
		{BF204166-29F6-41BC-AB9B-33D131B5CD6B}.Release|Any CPU.Build.0 = Release|Any CPU
		{BF204166-29F6-41BC-AB9B-33D131B5CD6B}.Release|x64.ActiveCfg = Release|Any CPU
		{BF204166-29F6-41BC-AB9B-33D131B5CD6B}.Release|x64.Build.0 = Release|Any CPU
		{BF204166-29F6-41BC-AB9B-33D131B5CD6B}.Release|x86.ActiveCfg = Release|Any CPU
		{BF204166-29F6-41BC-AB9B-33D131B5CD6B}.Release|x86.Build.0 = Release|Any CPU
		{DAC8151D-3BAC-4385-9CCA-E1FD4F7899B3}.Debug|Any CPU.ActiveCfg = Debug|Any CPU
		{DAC8151D-3BAC-4385-9CCA-E1FD4F7899B3}.Debug|Any CPU.Build.0 = Debug|Any CPU
		{DAC8151D-3BAC-4385-9CCA-E1FD4F7899B3}.Debug|x64.ActiveCfg = Debug|Any CPU
		{DAC8151D-3BAC-4385-9CCA-E1FD4F7899B3}.Debug|x64.Build.0 = Debug|Any CPU
		{DAC8151D-3BAC-4385-9CCA-E1FD4F7899B3}.Debug|x86.ActiveCfg = Debug|Any CPU
		{DAC8151D-3BAC-4385-9CCA-E1FD4F7899B3}.Debug|x86.Build.0 = Debug|Any CPU
		{DAC8151D-3BAC-4385-9CCA-E1FD4F7899B3}.Release|Any CPU.ActiveCfg = Release|Any CPU
		{DAC8151D-3BAC-4385-9CCA-E1FD4F7899B3}.Release|Any CPU.Build.0 = Release|Any CPU
		{DAC8151D-3BAC-4385-9CCA-E1FD4F7899B3}.Release|x64.ActiveCfg = Release|Any CPU
		{DAC8151D-3BAC-4385-9CCA-E1FD4F7899B3}.Release|x64.Build.0 = Release|Any CPU
		{DAC8151D-3BAC-4385-9CCA-E1FD4F7899B3}.Release|x86.ActiveCfg = Release|Any CPU
		{DAC8151D-3BAC-4385-9CCA-E1FD4F7899B3}.Release|x86.Build.0 = Release|Any CPU
		{C2E912FE-88F9-45E7-9DE3-516E060A8239}.Debug|Any CPU.ActiveCfg = Debug|Any CPU
		{C2E912FE-88F9-45E7-9DE3-516E060A8239}.Debug|Any CPU.Build.0 = Debug|Any CPU
		{C2E912FE-88F9-45E7-9DE3-516E060A8239}.Debug|x64.ActiveCfg = Debug|Any CPU
		{C2E912FE-88F9-45E7-9DE3-516E060A8239}.Debug|x64.Build.0 = Debug|Any CPU
		{C2E912FE-88F9-45E7-9DE3-516E060A8239}.Debug|x86.ActiveCfg = Debug|Any CPU
		{C2E912FE-88F9-45E7-9DE3-516E060A8239}.Debug|x86.Build.0 = Debug|Any CPU
		{C2E912FE-88F9-45E7-9DE3-516E060A8239}.Release|Any CPU.ActiveCfg = Release|Any CPU
		{C2E912FE-88F9-45E7-9DE3-516E060A8239}.Release|Any CPU.Build.0 = Release|Any CPU
		{C2E912FE-88F9-45E7-9DE3-516E060A8239}.Release|x64.ActiveCfg = Release|Any CPU
		{C2E912FE-88F9-45E7-9DE3-516E060A8239}.Release|x64.Build.0 = Release|Any CPU
		{C2E912FE-88F9-45E7-9DE3-516E060A8239}.Release|x86.ActiveCfg = Release|Any CPU
		{C2E912FE-88F9-45E7-9DE3-516E060A8239}.Release|x86.Build.0 = Release|Any CPU
	EndGlobalSection
	GlobalSection(SolutionProperties) = preSolution
		HideSolutionNode = FALSE
	EndGlobalSection
	GlobalSection(ExtensibilityGlobals) = postSolution
		SolutionGuid = {E19D05D8-2A56-48AC-A44C-E6B033835243}
	EndGlobalSection
EndGlobal
