
Microsoft Visual Studio Solution File, Format Version 12.00
# Visual Studio Version 16
VisualStudioVersion = 16.0.31005.135
MinimumVisualStudioVersion = 15.0.26124.0
Project("{FAE04EC0-301F-11D3-BF4B-00C04F79EFBC}") = "AesGcmNetCore", "AesGcmNetCore\AesGcmNetCore.csproj", "{0AE19748-84E9-45FD-9CA9-4586D3559CBD}"
EndProject
Project("{FAE04EC0-301F-11D3-BF4B-00C04F79EFBC}") = "AesGcmNet", "AesGcmNet\AesGcmNet.csproj", "{E3D00F33-2678-4225-B444-4C550CF21D51}"
EndProject
Global
	GlobalSection(SolutionConfigurationPlatforms) = preSolution
		Debug|Any CPU = Debug|Any CPU
		Debug|x64 = Debug|x64
		Debug|x86 = Debug|x86
		Release|Any CPU = Release|Any CPU
		Release|x64 = Release|x64
		Release|x86 = Release|x86
	EndGlobalSection
	GlobalSection(ProjectConfigurationPlatforms) = postSolution
		{0AE19748-84E9-45FD-9CA9-4586D3559CBD}.Debug|Any CPU.ActiveCfg = Debug|Any CPU
		{0AE19748-84E9-45FD-9CA9-4586D3559CBD}.Debug|Any CPU.Build.0 = Debug|Any CPU
		{0AE19748-84E9-45FD-9CA9-4586D3559CBD}.Debug|x64.ActiveCfg = Debug|Any CPU
		{0AE19748-84E9-45FD-9CA9-4586D3559CBD}.Debug|x64.Build.0 = Debug|Any CPU
		{0AE19748-84E9-45FD-9CA9-4586D3559CBD}.Debug|x86.ActiveCfg = Debug|Any CPU
		{0AE19748-84E9-45FD-9CA9-4586D3559CBD}.Debug|x86.Build.0 = Debug|Any CPU
		{0AE19748-84E9-45FD-9CA9-4586D3559CBD}.Release|Any CPU.ActiveCfg = Release|Any CPU
		{0AE19748-84E9-45FD-9CA9-4586D3559CBD}.Release|Any CPU.Build.0 = Release|Any CPU
		{0AE19748-84E9-45FD-9CA9-4586D3559CBD}.Release|x64.ActiveCfg = Release|Any CPU
		{0AE19748-84E9-45FD-9CA9-4586D3559CBD}.Release|x64.Build.0 = Release|Any CPU
		{0AE19748-84E9-45FD-9CA9-4586D3559CBD}.Release|x86.ActiveCfg = Release|Any CPU
		{0AE19748-84E9-45FD-9CA9-4586D3559CBD}.Release|x86.Build.0 = Release|Any CPU
		{E3D00F33-2678-4225-B444-4C550CF21D51}.Debug|Any CPU.ActiveCfg = Debug|Any CPU
		{E3D00F33-2678-4225-B444-4C550CF21D51}.Debug|Any CPU.Build.0 = Debug|Any CPU
		{E3D00F33-2678-4225-B444-4C550CF21D51}.Debug|x64.ActiveCfg = Debug|Any CPU
		{E3D00F33-2678-4225-B444-4C550CF21D51}.Debug|x64.Build.0 = Debug|Any CPU
		{E3D00F33-2678-4225-B444-4C550CF21D51}.Debug|x86.ActiveCfg = Debug|Any CPU
		{E3D00F33-2678-4225-B444-4C550CF21D51}.Debug|x86.Build.0 = Debug|Any CPU
		{E3D00F33-2678-4225-B444-4C550CF21D51}.Release|Any CPU.ActiveCfg = Release|Any CPU
		{E3D00F33-2678-4225-B444-4C550CF21D51}.Release|Any CPU.Build.0 = Release|Any CPU
		{E3D00F33-2678-4225-B444-4C550CF21D51}.Release|x64.ActiveCfg = Release|Any CPU
		{E3D00F33-2678-4225-B444-4C550CF21D51}.Release|x64.Build.0 = Release|Any CPU
		{E3D00F33-2678-4225-B444-4C550CF21D51}.Release|x86.ActiveCfg = Release|Any CPU
		{E3D00F33-2678-4225-B444-4C550CF21D51}.Release|x86.Build.0 = Release|Any CPU
	EndGlobalSection
	GlobalSection(SolutionProperties) = preSolution
		HideSolutionNode = FALSE
	EndGlobalSection
	GlobalSection(ExtensibilityGlobals) = postSolution
		SolutionGuid = {E19D05D8-2A56-48AC-A44C-E6B033835243}
	EndGlobalSection
EndGlobal
